
Microsoft Visual Studio Solution File, Format Version 12.00
# Visual Studio 15
VisualStudioVersion = 15.0.28010.2041
MinimumVisualStudioVersion = 10.0.40219.1
Project("{00D1A9C2-B5F0-4AF3-8072-F6C62B433612}") = "db1", "db1\db1.sqlproj", "{AA8F33A4-7E10-4FD3-BE46-82F06A91C2F0}"
EndProject
Project("{00D1A9C2-B5F0-4AF3-8072-F6C62B433612}") = "db2", "db2\db2.sqlproj", "{53EC0EF3-D7C5-4DA6-8218-8E20969339F1}"
EndProject
Global
	GlobalSection(SolutionConfigurationPlatforms) = preSolution
		Debug|Any CPU = Debug|Any CPU
		Release|Any CPU = Release|Any CPU
	EndGlobalSection
	GlobalSection(ProjectConfigurationPlatforms) = postSolution
		{AA8F33A4-7E10-4FD3-BE46-82F06A91C2F0}.Debug|Any CPU.ActiveCfg = Debug|Any CPU
		{AA8F33A4-7E10-4FD3-BE46-82F06A91C2F0}.Debug|Any CPU.Build.0 = Debug|Any CPU
		{AA8F33A4-7E10-4FD3-BE46-82F06A91C2F0}.Debug|Any CPU.Deploy.0 = Debug|Any CPU
		{AA8F33A4-7E10-4FD3-BE46-82F06A91C2F0}.Release|Any CPU.ActiveCfg = Release|Any CPU
		{AA8F33A4-7E10-4FD3-BE46-82F06A91C2F0}.Release|Any CPU.Build.0 = Release|Any CPU
		{AA8F33A4-7E10-4FD3-BE46-82F06A91C2F0}.Release|Any CPU.Deploy.0 = Release|Any CPU
		{53EC0EF3-D7C5-4DA6-8218-8E20969339F1}.Debug|Any CPU.ActiveCfg = Debug|Any CPU
		{53EC0EF3-D7C5-4DA6-8218-8E20969339F1}.Debug|Any CPU.Build.0 = Debug|Any CPU
		{53EC0EF3-D7C5-4DA6-8218-8E20969339F1}.Debug|Any CPU.Deploy.0 = Debug|Any CPU
		{53EC0EF3-D7C5-4DA6-8218-8E20969339F1}.Release|Any CPU.ActiveCfg = Release|Any CPU
		{53EC0EF3-D7C5-4DA6-8218-8E20969339F1}.Release|Any CPU.Build.0 = Release|Any CPU
		{53EC0EF3-D7C5-4DA6-8218-8E20969339F1}.Release|Any CPU.Deploy.0 = Release|Any CPU
	EndGlobalSection
	GlobalSection(SolutionProperties) = preSolution
		HideSolutionNode = FALSE
	EndGlobalSection
	GlobalSection(ExtensibilityGlobals) = postSolution
		SolutionGuid = {2F50ED0E-63C4-40E7-97F3-F2C2695B47AB}
	EndGlobalSection
EndGlobal
